{
  "requires": true,
  "lockfileVersion": 1,
  "dependencies": {
    "react-easy-edit": {
      "version": "1.13.1",
      "resolved": "https://registry.npmjs.org/react-easy-edit/-/react-easy-edit-1.13.1.tgz",
      "integrity": "sha512-eULbVxGG6yFGc9TVsnT+GsAIlhyX7WMZHUd9XXFzhEgWhlGoWyn+h1Y0PRHli+teGOpQuTUS2m+7R0zgGbV5qQ=="
    }
  }
}
